
Microsoft Visual Studio Solution File, Format Version 12.00
# Visual Studio 15
VisualStudioVersion = 15.0.27703.2042
MinimumVisualStudioVersion = 10.0.40219.1
Project("{FAE04EC0-301F-11D3-BF4B-00C04F79EFBC}") = "Testwebapi3", "Testwebapi3\Testwebapi3.csproj", "{0C693C11-FAC6-4AFA-8659-CA00FDB5CFAB}"
EndProject
Global
	GlobalSection(SolutionConfigurationPlatforms) = preSolution
		Debug|Any CPU = Debug|Any CPU
		Release|Any CPU = Release|Any CPU
	EndGlobalSection
	GlobalSection(ProjectConfigurationPlatforms) = postSolution
		{0C693C11-FAC6-4AFA-8659-CA00FDB5CFAB}.Debug|Any CPU.ActiveCfg = Debug|Any CPU
		{0C693C11-FAC6-4AFA-8659-CA00FDB5CFAB}.Debug|Any CPU.Build.0 = Debug|Any CPU
		{0C693C11-FAC6-4AFA-8659-CA00FDB5CFAB}.Release|Any CPU.ActiveCfg = Release|Any CPU
		{0C693C11-FAC6-4AFA-8659-CA00FDB5CFAB}.Release|Any CPU.Build.0 = Release|Any CPU
	EndGlobalSection
	GlobalSection(SolutionProperties) = preSolution
		HideSolutionNode = FALSE
	EndGlobalSection
	GlobalSection(ExtensibilityGlobals) = postSolution
		SolutionGuid = {A7F2580F-BE7E-490E-A66D-DFB6647D0420}
	EndGlobalSection
EndGlobal
